
Microsoft Visual Studio Solution File, Format Version 12.00
# Visual Studio Version 17
VisualStudioVersion = 17.5.33627.172
MinimumVisualStudioVersion = 10.0.40219.1
Project("{FAE04EC0-301F-11D3-BF4B-00C04F79EFBC}") = "FastFoot.Web.UI", "FastFoot.Web.UI\FastFoot.Web.UI.csproj", "{935C7636-8EA6-483B-9910-B3253C588AFF}"
EndProject
Project("{FAE04EC0-301F-11D3-BF4B-00C04F79EFBC}") = "FastFood.DAL", "FastFood.DAL\FastFood.DAL.csproj", "{CA2FAD6D-39E5-4FF4-B7D4-2486A2A68EF0}"
EndProject
Project("{FAE04EC0-301F-11D3-BF4B-00C04F79EFBC}") = "FastFoot.Web.API", "FastFoot.Web.API\FastFoot.Web.API.csproj", "{0908D3A8-E9D0-41E9-81DF-430100CF01CF}"
EndProject
Global
	GlobalSection(SolutionConfigurationPlatforms) = preSolution
		Debug|Any CPU = Debug|Any CPU
		Release|Any CPU = Release|Any CPU
	EndGlobalSection
	GlobalSection(ProjectConfigurationPlatforms) = postSolution
		{935C7636-8EA6-483B-9910-B3253C588AFF}.Debug|Any CPU.ActiveCfg = Debug|Any CPU
		{935C7636-8EA6-483B-9910-B3253C588AFF}.Debug|Any CPU.Build.0 = Debug|Any CPU
		{935C7636-8EA6-483B-9910-B3253C588AFF}.Release|Any CPU.ActiveCfg = Release|Any CPU
		{935C7636-8EA6-483B-9910-B3253C588AFF}.Release|Any CPU.Build.0 = Release|Any CPU
		{CA2FAD6D-39E5-4FF4-B7D4-2486A2A68EF0}.Debug|Any CPU.ActiveCfg = Debug|Any CPU
		{CA2FAD6D-39E5-4FF4-B7D4-2486A2A68EF0}.Debug|Any CPU.Build.0 = Debug|Any CPU
		{CA2FAD6D-39E5-4FF4-B7D4-2486A2A68EF0}.Release|Any CPU.ActiveCfg = Release|Any CPU
		{CA2FAD6D-39E5-4FF4-B7D4-2486A2A68EF0}.Release|Any CPU.Build.0 = Release|Any CPU
		{0908D3A8-E9D0-41E9-81DF-430100CF01CF}.Debug|Any CPU.ActiveCfg = Debug|Any CPU
		{0908D3A8-E9D0-41E9-81DF-430100CF01CF}.Debug|Any CPU.Build.0 = Debug|Any CPU
		{0908D3A8-E9D0-41E9-81DF-430100CF01CF}.Release|Any CPU.ActiveCfg = Release|Any CPU
		{0908D3A8-E9D0-41E9-81DF-430100CF01CF}.Release|Any CPU.Build.0 = Release|Any CPU
	EndGlobalSection
	GlobalSection(SolutionProperties) = preSolution
		HideSolutionNode = FALSE
	EndGlobalSection
	GlobalSection(ExtensibilityGlobals) = postSolution
		SolutionGuid = {74D9CF9D-7DB0-417A-9199-A3F6DF731C32}
	EndGlobalSection
EndGlobal
